
Microsoft Visual Studio Solution File, Format Version 12.00
# Visual Studio Version 17
VisualStudioVersion = 17.0.31903.59
MinimumVisualStudioVersion = 10.0.40219.1
Project("{FAE04EC0-301F-11D3-BF4B-00C04F79EFBC}") = "Gardens", "Gardens.csproj", "{B98A9107-A02C-450E-AC24-8D4B08D2BA04}"
EndProject
Global
	GlobalSection(SolutionConfigurationPlatforms) = preSolution
		Debug|Any CPU = Debug|Any CPU
		Release|Any CPU = Release|Any CPU
	EndGlobalSection
	GlobalSection(SolutionProperties) = preSolution
		HideSolutionNode = FALSE
	EndGlobalSection
	GlobalSection(ProjectConfigurationPlatforms) = postSolution
		{422B2ADD-9B20-4FF4-9930-10802094DA45}.Debug|Any CPU.ActiveCfg = Debug|Any CPU
		{422B2ADD-9B20-4FF4-9930-10802094DA45}.Debug|Any CPU.Build.0 = Debug|Any CPU
		{422B2ADD-9B20-4FF4-9930-10802094DA45}.Release|Any CPU.ActiveCfg = Release|Any CPU
		{422B2ADD-9B20-4FF4-9930-10802094DA45}.Release|Any CPU.Build.0 = Release|Any CPU
		{B98A9107-A02C-450E-AC24-8D4B08D2BA04}.Debug|Any CPU.ActiveCfg = Debug|Any CPU
		{B98A9107-A02C-450E-AC24-8D4B08D2BA04}.Debug|Any CPU.Build.0 = Debug|Any CPU
		{B98A9107-A02C-450E-AC24-8D4B08D2BA04}.Release|Any CPU.ActiveCfg = Release|Any CPU
		{B98A9107-A02C-450E-AC24-8D4B08D2BA04}.Release|Any CPU.Build.0 = Release|Any CPU
	EndGlobalSection
EndGlobal
