
Microsoft Visual Studio Solution File, Format Version 12.00
# Visual Studio Version 17
VisualStudioVersion = 17.5.002.0
MinimumVisualStudioVersion = 10.0.40219.1
Project("{9A19103F-16F7-4668-BE54-9A1E7A4F7556}") = "first-api", "first-api.csproj", "{9C4FA18A-B73E-47D4-942F-2E50B10037B2}"
EndProject
Global
	GlobalSection(SolutionConfigurationPlatforms) = preSolution
		Debug|Any CPU = Debug|Any CPU
		Release|Any CPU = Release|Any CPU
	EndGlobalSection
	GlobalSection(ProjectConfigurationPlatforms) = postSolution
		{9C4FA18A-B73E-47D4-942F-2E50B10037B2}.Debug|Any CPU.ActiveCfg = Debug|Any CPU
		{9C4FA18A-B73E-47D4-942F-2E50B10037B2}.Debug|Any CPU.Build.0 = Debug|Any CPU
		{9C4FA18A-B73E-47D4-942F-2E50B10037B2}.Release|Any CPU.ActiveCfg = Release|Any CPU
		{9C4FA18A-B73E-47D4-942F-2E50B10037B2}.Release|Any CPU.Build.0 = Release|Any CPU
	EndGlobalSection
	GlobalSection(SolutionProperties) = preSolution
		HideSolutionNode = FALSE
	EndGlobalSection
	GlobalSection(ExtensibilityGlobals) = postSolution
		SolutionGuid = {7B4D2524-F403-484D-9127-EAD9285FB2B6}
	EndGlobalSection
EndGlobal
