
Microsoft Visual Studio Solution File, Format Version 12.00
# Visual Studio Version 17
VisualStudioVersion = 17.0.31903.59
MinimumVisualStudioVersion = 10.0.40219.1
Project("{FAE04EC0-301F-11D3-BF4B-00C04F79EFBC}") = "Sudoku.Tests", "Sudoku.Tests\Sudoku.Tests.csproj", "{34F39C51-8F1D-454B-8A3C-AD6F081E6817}"
EndProject
Project("{FAE04EC0-301F-11D3-BF4B-00C04F79EFBC}") = "Solution", "Sudoku\Solution.csproj", "{76F6E014-EE68-408F-9875-7450326C06D2}"
EndProject
Global
	GlobalSection(SolutionConfigurationPlatforms) = preSolution
		Debug|Any CPU = Debug|Any CPU
		Release|Any CPU = Release|Any CPU
	EndGlobalSection
	GlobalSection(SolutionProperties) = preSolution
		HideSolutionNode = FALSE
	EndGlobalSection
	GlobalSection(ProjectConfigurationPlatforms) = postSolution
		{34F39C51-8F1D-454B-8A3C-AD6F081E6817}.Debug|Any CPU.ActiveCfg = Debug|Any CPU
		{34F39C51-8F1D-454B-8A3C-AD6F081E6817}.Debug|Any CPU.Build.0 = Debug|Any CPU
		{34F39C51-8F1D-454B-8A3C-AD6F081E6817}.Release|Any CPU.ActiveCfg = Release|Any CPU
		{34F39C51-8F1D-454B-8A3C-AD6F081E6817}.Release|Any CPU.Build.0 = Release|Any CPU
		{76F6E014-EE68-408F-9875-7450326C06D2}.Debug|Any CPU.ActiveCfg = Debug|Any CPU
		{76F6E014-EE68-408F-9875-7450326C06D2}.Debug|Any CPU.Build.0 = Debug|Any CPU
		{76F6E014-EE68-408F-9875-7450326C06D2}.Release|Any CPU.ActiveCfg = Release|Any CPU
		{76F6E014-EE68-408F-9875-7450326C06D2}.Release|Any CPU.Build.0 = Release|Any CPU
	EndGlobalSection
EndGlobal
